// !$*UTF8*$!
{
	archiveVersion = 1;
	classes = {
	};
	objectVersion = 50;
	objects = {

/* Begin PBXBuildFile section */
		2AB8B89522C7178D00B1023A /* AppDelegate.swift in Sources */ = {isa = PBXBuildFile; fileRef = 2AB8B89422C7178D00B1023A /* AppDelegate.swift */; };
		2AB8B89722C7178D00B1023A /* checklistViewController.swift in Sources */ = {isa = PBXBuildFile; fileRef = 2AB8B89622C7178D00B1023A /* checklistViewController.swift */; };
		2AB8B89A22C7178D00B1023A /* Main.storyboard in Resources */ = {isa = PBXBuildFile; fileRef = 2AB8B89822C7178D00B1023A /* Main.storyboard */; };
		2AB8B89C22C7179200B1023A /* Assets.xcassets in Resources */ = {isa = PBXBuildFile; fileRef = 2AB8B89B22C7179200B1023A /* Assets.xcassets */; };
		2AB8B89F22C7179200B1023A /* LaunchScreen.storyboard in Resources */ = {isa = PBXBuildFile; fileRef = 2AB8B89D22C7179200B1023A /* LaunchScreen.storyboard */; };
		2AB8B8AA22C7179300B1023A /* checkListAppTests.swift in Sources */ = {isa = PBXBuildFile; fileRef = 2AB8B8A922C7179300B1023A /* checkListAppTests.swift */; };
		2AB8B8B522C7179300B1023A /* checkListAppUITests.swift in Sources */ = {isa = PBXBuildFile; fileRef = 2AB8B8B422C7179300B1023A /* checkListAppUITests.swift */; };
/* End PBXBuildFile section */

/* Begin PBXContainerItemProxy section */
		2AB8B8A622C7179300B1023A /* PBXContainerItemProxy */ = {
			isa = PBXContainerItemProxy;
			containerPortal = 2AB8B88922C7178D00B1023A /* Project object */;
			proxyType = 1;
			remoteGlobalIDString = 2AB8B89022C7178D00B1023A;
			remoteInfo = checkListApp;
		};
		2AB8B8B122C7179300B1023A /* PBXContainerItemProxy */ = {
			isa = PBXContainerItemProxy;
			containerPortal = 2AB8B88922C7178D00B1023A /* Project object */;
			proxyType = 1;
			remoteGlobalIDString = 2AB8B89022C7178D00B1023A;
			remoteInfo = checkListApp;
		};
/* End PBXContainerItemProxy section */

/* Begin PBXFileReference section */
		2AB8B89122C7178D00B1023A /* checkListApp.app */ = {isa = PBXFileReference; explicitFileType = wrapper.application; includeInIndex = 0; path = checkListApp.app; sourceTree = BUILT_PRODUCTS_DIR; };
		2AB8B89422C7178D00B1023A /* AppDelegate.swift */ = {isa = PBXFileReference; lastKnownFileType = sourcecode.swift; path = AppDelegate.swift; sourceTree = "<group>"; };
		2AB8B89622C7178D00B1023A /* checklistViewController.swift */ = {isa = PBXFileReference; lastKnownFileType = sourcecode.swift; path = checklistViewController.swift; sourceTree = "<group>"; };
		2AB8B89922C7178D00B1023A /* Base */ = {isa = PBXFileReference; lastKnownFileType = file.storyboard; name = Base; path = Base.lproj/Main.storyboard; sourceTree = "<group>"; };
		2AB8B89B22C7179200B1023A /* Assets.xcassets */ = {isa = PBXFileReference; lastKnownFileType = folder.assetcatalog; path = Assets.xcassets; sourceTree = "<group>"; };
		2AB8B89E22C7179200B1023A /* Base */ = {isa = PBXFileReference; lastKnownFileType = file.storyboard; name = Base; path = Base.lproj/LaunchScreen.storyboard; sourceTree = "<group>"; };
		2AB8B8A022C7179200B1023A /* Info.plist */ = {isa = PBXFileReference; lastKnownFileType = text.plist.xml; path = Info.plist; sourceTree = "<group>"; };
		2AB8B8A522C7179300B1023A /* checkListAppTests.xctest */ = {isa = PBXFileReference; explicitFileType = wrapper.cfbundle; includeInIndex = 0; path = checkListAppTests.xctest; sourceTree = BUILT_PRODUCTS_DIR; };
		2AB8B8A922C7179300B1023A /* checkListAppTests.swift */ = {isa = PBXFileReference; lastKnownFileType = sourcecode.swift; path = checkListAppTests.swift; sourceTree = "<group>"; };
		2AB8B8AB22C7179300B1023A /* Info.plist */ = {isa = PBXFileReference; lastKnownFileType = text.plist.xml; path = Info.plist; sourceTree = "<group>"; };
		2AB8B8B022C7179300B1023A /* checkListAppUITests.xctest */ = {isa = PBXFileReference; explicitFileType = wrapper.cfbundle; includeInIndex = 0; path = checkListAppUITests.xctest; sourceTree = BUILT_PRODUCTS_DIR; };
		2AB8B8B422C7179300B1023A /* checkListAppUITests.swift */ = {isa = PBXFileReference; lastKnownFileType = sourcecode.swift; path = checkListAppUITests.swift; sourceTree = "<group>"; };
		2AB8B8B622C7179300B1023A /* Info.plist */ = {isa = PBXFileReference; lastKnownFileType = text.plist.xml; path = Info.plist; sourceTree = "<group>"; };
/* End PBXFileReference section */

/* Begin PBXFrameworksBuildPhase section */
		2AB8B88E22C7178D00B1023A /* Frameworks */ = {
			isa = PBXFrameworksBuildPhase;
			buildActionMask = 2147483647;
			files = (
			);
			runOnlyForDeploymentPostprocessing = 0;
		};
		2AB8B8A222C7179300B1023A /* Frameworks */ = {
			isa = PBXFrameworksBuildPhase;
			buildActionMask = 2147483647;
			files = (
			);
			runOnlyForDeploymentPostprocessing = 0;
		};
		2AB8B8AD22C7179300B1023A /* Frameworks */ = {
			isa = PBXFrameworksBuildPhase;
			buildActionMask = 2147483647;
			files = (
			);
			runOnlyForDeploymentPostprocessing = 0;
		};
/* End PBXFrameworksBuildPhase section */

/* Begin PBXGroup section */
		2AB8B88822C7178D00B1023A = {
			isa = PBXGroup;
			children = (
				2AB8B89322C7178D00B1023A /* checkListApp */,
				2AB8B8A822C7179300B1023A /* checkListAppTests */,
				2AB8B8B322C7179300B1023A /* checkListAppUITests */,
				2AB8B89222C7178D00B1023A /* Products */,
			);
			sourceTree = "<group>";
		};
		2AB8B89222C7178D00B1023A /* Products */ = {
			isa = PBXGroup;
			children = (
				2AB8B89122C7178D00B1023A /* checkListApp.app */,
				2AB8B8A522C7179300B1023A /* checkListAppTests.xctest */,
				2AB8B8B022C7179300B1023A /* checkListAppUITests.xctest */,
			);
			name = Products;
			sourceTree = "<group>";
		};
		2AB8B89322C7178D00B1023A /* checkListApp */ = {
			isa = PBXGroup;
			children = (
				2AB8B89422C7178D00B1023A /* AppDelegate.swift */,
				2AB8B89622C7178D00B1023A /* checklistViewController.swift */,
				2AB8B89822C7178D00B1023A /* Main.storyboard */,
				2AB8B89B22C7179200B1023A /* Assets.xcassets */,
				2AB8B89D22C7179200B1023A /* LaunchScreen.storyboard */,
				2AB8B8A022C7179200B1023A /* Info.plist */,
			);
			path = checkListApp;
			sourceTree = "<group>";
		};
		2AB8B8A822C7179300B1023A /* checkListAppTests */ = {
			isa = PBXGroup;
			children = (
				2AB8B8A922C7179300B1023A /* checkListAppTests.swift */,
				2AB8B8AB22C7179300B1023A /* Info.plist */,
			);
			path = checkListAppTests;
			sourceTree = "<group>";
		};
		2AB8B8B322C7179300B1023A /* checkListAppUITests */ = {
			isa = PBXGroup;
			children = (
				2AB8B8B422C7179300B1023A /* checkListAppUITests.swift */,
				2AB8B8B622C7179300B1023A /* Info.plist */,
			);
			path = checkListAppUITests;
			sourceTree = "<group>";
		};
/* End PBXGroup section */

/* Begin PBXNativeTarget section */
		2AB8B89022C7178D00B1023A /* checkListApp */ = {
			isa = PBXNativeTarget;
			buildConfigurationList = 2AB8B8B922C7179300B1023A /* Build configuration list for PBXNativeTarget "checkListApp" */;
			buildPhases = (
				2AB8B88D22C7178D00B1023A /* Sources */,
				2AB8B88E22C7178D00B1023A /* Frameworks */,
				2AB8B88F22C7178D00B1023A /* Resources */,
			);
			buildRules = (
			);
			dependencies = (
			);
			name = checkListApp;
			productName = checkListApp;
			productReference = 2AB8B89122C7178D00B1023A /* checkListApp.app */;
			productType = "com.apple.product-type.application";
		};
		2AB8B8A422C7179300B1023A /* checkListAppTests */ = {
			isa = PBXNativeTarget;
			buildConfigurationList = 2AB8B8BC22C7179300B1023A /* Build configuration list for PBXNativeTarget "checkListAppTests" */;
			buildPhases = (
				2AB8B8A122C7179300B1023A /* Sources */,
				2AB8B8A222C7179300B1023A /* Frameworks */,
				2AB8B8A322C7179300B1023A /* Resources */,
			);
			buildRules = (
			);
			dependencies = (
				2AB8B8A722C7179300B1023A /* PBXTargetDependency */,
			);
			name = checkListAppTests;
			productName = checkListAppTests;
			productReference = 2AB8B8A522C7179300B1023A /* checkListAppTests.xctest */;
			productType = "com.apple.product-type.bundle.unit-test";
		};
		2AB8B8AF22C7179300B1023A /* checkListAppUITests */ = {
			isa = PBXNativeTarget;
			buildConfigurationList = 2AB8B8BF22C7179300B1023A /* Build configuration list for PBXNativeTarget "checkListAppUITests" */;
			buildPhases = (
				2AB8B8AC22C7179300B1023A /* Sources */,
				2AB8B8AD22C7179300B1023A /* Frameworks */,
				2AB8B8AE22C7179300B1023A /* Resources */,
			);
			buildRules = (
			);
			dependencies = (
				2AB8B8B222C7179300B1023A /* PBXTargetDependency */,
			);
			name = checkListAppUITests;
			productName = checkListAppUITests;
			productReference = 2AB8B8B022C7179300B1023A /* checkListAppUITests.xctest */;
			productType = "com.apple.product-type.bundle.ui-testing";
		};
/* End PBXNativeTarget section */

/* Begin PBXProject section */
		2AB8B88922C7178D00B1023A /* Project object */ = {
			isa = PBXProject;
			attributes = {
				LastSwiftUpdateCheck = 1020;
				LastUpgradeCheck = 1020;
				ORGANIZATIONNAME = "Tan Zhi Yang";
				TargetAttributes = {
					2AB8B89022C7178D00B1023A = {
						CreatedOnToolsVersion = 10.2.1;
					};
					2AB8B8A422C7179300B1023A = {
						CreatedOnToolsVersion = 10.2.1;
						TestTargetID = 2AB8B89022C7178D00B1023A;
					};
					2AB8B8AF22C7179300B1023A = {
						CreatedOnToolsVersion = 10.2.1;
						TestTargetID = 2AB8B89022C7178D00B1023A;
					};
				};
			};
			buildConfigurationList = 2AB8B88C22C7178D00B1023A /* Build configuration list for PBXProject "checkListApp" */;
			compatibilityVersion = "Xcode 9.3";
			developmentRegion = en;
			hasScannedForEncodings = 0;
			knownRegions = (
				en,
				Base,
			);
			mainGroup = 2AB8B88822C7178D00B1023A;
			productRefGroup = 2AB8B89222C7178D00B1023A /* Products */;
			projectDirPath = "";
			projectRoot = "";
			targets = (
				2AB8B89022C7178D00B1023A /* checkListApp */,
				2AB8B8A422C7179300B1023A /* checkListAppTests */,
				2AB8B8AF22C7179300B1023A /* checkListAppUITests */,
			);
		};
/* End PBXProject section */

/* Begin PBXResourcesBuildPhase section */
		2AB8B88F22C7178D00B1023A /* Resources */ = {
			isa = PBXResourcesBuildPhase;
			buildActionMask = 2147483647;
			files = (
				2AB8B89F22C7179200B1023A /* LaunchScreen.storyboard in Resources */,
				2AB8B89C22C7179200B1023A /* Assets.xcassets in Resources */,
				2AB8B89A22C7178D00B1023A /* Main.storyboard in Resources */,
			);
			runOnlyForDeploymentPostprocessing = 0;
		};
		2AB8B8A322C7179300B1023A /* Resources */ = {
			isa = PBXResourcesBuildPhase;
			buildActionMask = 2147483647;
			files = (
			);
			runOnlyForDeploymentPostprocessing = 0;
		};
		2AB8B8AE22C7179300B1023A /* Resources */ = {
			isa = PBXResourcesBuildPhase;
			buildActionMask = 2147483647;
			files = (
			);
			runOnlyForDeploymentPostprocessing = 0;
		};
/* End PBXResourcesBuildPhase section */

/* Begin PBXSourcesBuildPhase section */
		2AB8B88D22C7178D00B1023A /* Sources */ = {
			isa = PBXSourcesBuildPhase;
			buildActionMask = 2147483647;
			files = (
				2AB8B89722C7178D00B1023A /* checklistViewController.swift in Sources */,
				2AB8B89522C7178D00B1023A /* AppDelegate.swift in Sources */,
			);
			runOnlyForDeploymentPostprocessing = 0;
		};
		2AB8B8A122C7179300B1023A /* Sources */ = {
			isa = PBXSourcesBuildPhase;
			buildActionMask = 2147483647;
			files = (
				2AB8B8AA22C7179300B1023A /* checkListAppTests.swift in Sources */,
			);
			runOnlyForDeploymentPostprocessing = 0;
		};
		2AB8B8AC22C7179300B1023A /* Sources */ = {
			isa = PBXSourcesBuildPhase;
			buildActionMask = 2147483647;
			files = (
				2AB8B8B522C7179300B1023A /* checkListAppUITests.swift in Sources */,
			);
			runOnlyForDeploymentPostprocessing = 0;
		};
/* End PBXSourcesBuildPhase section */

/* Begin PBXTargetDependency section */
		2AB8B8A722C7179300B1023A /* PBXTargetDependency */ = {
			isa = PBXTargetDependency;
			target = 2AB8B89022C7178D00B1023A /* checkListApp */;
			targetProxy = 2AB8B8A622C7179300B1023A /* PBXContainerItemProxy */;
		};
		2AB8B8B222C7179300B1023A /* PBXTargetDependency */ = {
			isa = PBXTargetDependency;
			target = 2AB8B89022C7178D00B1023A /* checkListApp */;
			targetProxy = 2AB8B8B122C7179300B1023A /* PBXContainerItemProxy */;
		};
/* End PBXTargetDependency section */

/* Begin PBXVariantGroup section */
		2AB8B89822C7178D00B1023A /* Main.storyboard */ = {
			isa = PBXVariantGroup;
			children = (
				2AB8B89922C7178D00B1023A /* Base */,
			);
			name = Main.storyboard;
			sourceTree = "<group>";
		};
		2AB8B89D22C7179200B1023A /* LaunchScreen.storyboard */ = {
			isa = PBXVariantGroup;
			children = (
				2AB8B89E22C7179200B1023A /* Base */,
			);
			name = LaunchScreen.storyboard;
			sourceTree = "<group>";
		};
/* End PBXVariantGroup section */

/* Begin XCBuildConfiguration section */
		2AB8B8B722C7179300B1023A /* Debug */ = {
			isa = XCBuildConfiguration;
			buildSettings = {
				ALWAYS_SEARCH_USER_PATHS = NO;
				CLANG_ANALYZER_NONNULL = YES;
				CLANG_ANALYZER_NUMBER_OBJECT_CONVERSION = YES_AGGRESSIVE;
				CLANG_CXX_LANGUAGE_STANDARD = "gnu++14";
				CLANG_CXX_LIBRARY = "libc++";
				CLANG_ENABLE_MODULES = YES;
				CLANG_ENABLE_OBJC_ARC = YES;
				CLANG_ENABLE_OBJC_WEAK = YES;
				CLANG_WARN_BLOCK_CAPTURE_AUTORELEASING = YES;
				CLANG_WARN_BOOL_CONVERSION = YES;
				CLANG_WARN_COMMA = YES;
				CLANG_WARN_CONSTANT_CONVERSION = YES;
				CLANG_WARN_DEPRECATED_OBJC_IMPLEMENTATIONS = YES;
				CLANG_WARN_DIRECT_OBJC_ISA_USAGE = YES_ERROR;
				CLANG_WARN_DOCUMENTATION_COMMENTS = YES;
				CLANG_WARN_EMPTY_BODY = YES;
				CLANG_WARN_ENUM_CONVERSION = YES;
				CLANG_WARN_INFINITE_RECURSION = YES;
				CLANG_WARN_INT_CONVERSION = YES;
				CLANG_WARN_NON_LITERAL_NULL_CONVERSION = YES;
				CLANG_WARN_OBJC_IMPLICIT_RETAIN_SELF = YES;
				CLANG_WARN_OBJC_LITERAL_CONVERSION = YES;
				CLANG_WARN_OBJC_ROOT_CLASS = YES_ERROR;
				CLANG_WARN_RANGE_LOOP_ANALYSIS = YES;
				CLANG_WARN_STRICT_PROTOTYPES = YES;
				CLANG_WARN_SUSPICIOUS_MOVE = YES;
				CLANG_WARN_UNGUARDED_AVAILABILITY = YES_AGGRESSIVE;
				CLANG_WARN_UNREACHABLE_CODE = YES;
				CLANG_WARN__DUPLICATE_METHOD_MATCH = YES;
				CODE_SIGN_IDENTITY = "iPhone Developer";
				COPY_PHASE_STRIP = NO;
				DEBUG_INFORMATION_FORMAT = dwarf;
				ENABLE_STRICT_OBJC_MSGSEND = YES;
				ENABLE_TESTABILITY = YES;
				GCC_C_LANGUAGE_STANDARD = gnu11;
				GCC_DYNAMIC_NO_PIC = NO;
				GCC_NO_COMMON_BLOCKS = YES;
				GCC_OPTIMIZATION_LEVEL = 0;
				GCC_PREPROCESSOR_DEFINITIONS = (
					"DEBUG=1",
					"$(inherited)",
				);
				GCC_WARN_64_TO_32_BIT_CONVERSION = YES;
				GCC_WARN_ABOUT_RETURN_TYPE = YES_ERROR;
				GCC_WARN_UNDECLARED_SELECTOR = YES;
				GCC_WARN_UNINITIALIZED_AUTOS = YES_AGGRESSIVE;
				GCC_WARN_UNUSED_FUNCTION = YES;
				GCC_WARN_UNUSED_VARIABLE = YES;
				IPHONEOS_DEPLOYMENT_TARGET = 12.2;
				MTL_ENABLE_DEBUG_INFO = INCLUDE_SOURCE;
				MTL_FAST_MATH = YES;
				ONLY_ACTIVE_ARCH = YES;
				SDKROOT = iphoneos;
				SWIFT_ACTIVE_COMPILATION_CONDITIONS = DEBUG;
				SWIFT_OPTIMIZATION_LEVEL = "-Onone";
			};
			name = Debug;
		};
		2AB8B8B822C7179300B1023A /* Release */ = {
			isa = XCBuildConfiguration;
			buildSettings = {
				ALWAYS_SEARCH_USER_PATHS = NO;
				CLANG_ANALYZER_NONNULL = YES;
				CLANG_ANALYZER_NUMBER_OBJECT_CONVERSION = YES_AGGRESSIVE;
				CLANG_CXX_LANGUAGE_STANDARD = "gnu++14";
				CLANG_CXX_LIBRARY = "libc++";
				CLANG_ENABLE_MODULES = YES;
				CLANG_ENABLE_OBJC_ARC = YES;
				CLANG_ENABLE_OBJC_WEAK = YES;
				CLANG_WARN_BLOCK_CAPTURE_AUTORELEASING = YES;
				CLANG_WARN_BOOL_CONVERSION = YES;
				CLANG_WARN_COMMA = YES;
				CLANG_WARN_CONSTANT_CONVERSION = YES;
				CLANG_WARN_DEPRECATED_OBJC_IMPLEMENTATIONS = YES;
				CLANG_WARN_DIRECT_OBJC_ISA_USAGE = YES_ERROR;
				CLANG_WARN_DOCUMENTATION_COMMENTS = YES;
				CLANG_WARN_EMPTY_BODY = YES;
				CLANG_WARN_ENUM_CONVERSION = YES;
				CLANG_WARN_INFINITE_RECURSION = YES;
				CLANG_WARN_INT_CONVERSION = YES;
				CLANG_WARN_NON_LITERAL_NULL_CONVERSION = YES;
				CLANG_WARN_OBJC_IMPLICIT_RETAIN_SELF = YES;
				CLANG_WARN_OBJC_LITERAL_CONVERSION = YES;
				CLANG_WARN_OBJC_ROOT_CLASS = YES_ERROR;
				CLANG_WARN_RANGE_LOOP_ANALYSIS = YES;
				CLANG_WARN_STRICT_PROTOTYPES = YES;
				CLANG_WARN_SUSPICIOUS_MOVE = YES;
				CLANG_WARN_UNGUARDED_AVAILABILITY = YES_AGGRESSIVE;
				CLANG_WARN_UNREACHABLE_CODE = YES;
				CLANG_WARN__DUPLICATE_METHOD_MATCH = YES;
				CODE_SIGN_IDENTITY = "iPhone Developer";
				COPY_PHASE_STRIP = NO;
				DEBUG_INFORMATION_FORMAT = "dwarf-with-dsym";
				ENABLE_NS_ASSERTIONS = NO;
				ENABLE_STRICT_OBJC_MSGSEND = YES;
				GCC_C_LANGUAGE_STANDARD = gnu11;
				GCC_NO_COMMON_BLOCKS = YES;
				GCC_WARN_64_TO_32_BIT_CONVERSION = YES;
				GCC_WARN_ABOUT_RETURN_TYPE = YES_ERROR;
				GCC_WARN_UNDECLARED_SELECTOR = YES;
				GCC_WARN_UNINITIALIZED_AUTOS = YES_AGGRESSIVE;
				GCC_WARN_UNUSED_FUNCTION = YES;
				GCC_WARN_UNUSED_VARIABLE = YES;
				IPHONEOS_DEPLOYMENT_TARGET = 12.2;
				MTL_ENABLE_DEBUG_INFO = NO;
				MTL_FAST_MATH = YES;
				SDKROOT = iphoneos;
				SWIFT_COMPILATION_MODE = wholemodule;
				SWIFT_OPTIMIZATION_LEVEL = "-O";
				VALIDATE_PRODUCT = YES;
			};
			name = Release;
		};
		2AB8B8BA22C7179300B1023A /* Debug */ = {
			isa = XCBuildConfiguration;
			buildSettings = {
				ASSETCATALOG_COMPILER_APPICON_NAME = AppIcon;
				CODE_SIGN_STYLE = Automatic;
				INFOPLIST_FILE = checkListApp/Info.plist;
				LD_RUNPATH_SEARCH_PATHS = (
					"$(inherited)",
					"@executable_path/Frameworks",
				);
				PRODUCT_BUNDLE_IDENTIFIER = nil.checkListApp;
				PRODUCT_NAME = "$(TARGET_NAME)";
				SWIFT_VERSION = 5.0;
				TARGETED_DEVICE_FAMILY = "1,2";
			};
			name = Debug;
		};
		2AB8B8BB22C7179300B1023A /* Release */ = {
			isa = XCBuildConfiguration;
			buildSettings = {
				ASSETCATALOG_COMPILER_APPICON_NAME = AppIcon;
				CODE_SIGN_STYLE = Automatic;
				INFOPLIST_FILE = checkListApp/Info.plist;
				LD_RUNPATH_SEARCH_PATHS = (
					"$(inherited)",
					"@executable_path/Frameworks",
				);
				PRODUCT_BUNDLE_IDENTIFIER = nil.checkListApp;
				PRODUCT_NAME = "$(TARGET_NAME)";
				SWIFT_VERSION = 5.0;
				TARGETED_DEVICE_FAMILY = "1,2";
			};
			name = Release;
		};
		2AB8B8BD22C7179300B1023A /* Debug */ = {
			isa = XCBuildConfiguration;
			buildSettings = {
				ALWAYS_EMBED_SWIFT_STANDARD_LIBRARIES = YES;
				BUNDLE_LOADER = "$(TEST_HOST)";
				CODE_SIGN_STYLE = Automatic;
				INFOPLIST_FILE = checkListAppTests/Info.plist;
				LD_RUNPATH_SEARCH_PATHS = (
					"$(inherited)",
					"@executable_path/Frameworks",
					"@loader_path/Frameworks",
				);
				PRODUCT_BUNDLE_IDENTIFIER = nil.checkListAppTests;
				PRODUCT_NAME = "$(TARGET_NAME)";
				SWIFT_VERSION = 5.0;
				TARGETED_DEVICE_FAMILY = "1,2";
				TEST_HOST = "$(BUILT_PRODUCTS_DIR)/checkListApp.app/checkListApp";
			};
			name = Debug;
		};
		2AB8B8BE22C7179300B1023A /* Release */ = {
			isa = XCBuildConfiguration;
			buildSettings = {
				ALWAYS_EMBED_SWIFT_STANDARD_LIBRARIES = YES;
				BUNDLE_LOADER = "$(TEST_HOST)";
				CODE_SIGN_STYLE = Automatic;
				INFOPLIST_FILE = checkListAppTests/Info.plist;
				LD_RUNPATH_SEARCH_PATHS = (
					"$(inherited)",
					"@executable_path/Frameworks",
					"@loader_path/Frameworks",
				);
				PRODUCT_BUNDLE_IDENTIFIER = nil.checkListAppTests;
				PRODUCT_NAME = "$(TARGET_NAME)";
				SWIFT_VERSION = 5.0;
				TARGETED_DEVICE_FAMILY = "1,2";
				TEST_HOST = "$(BUILT_PRODUCTS_DIR)/checkListApp.app/checkListApp";
			};
			name = Release;
		};
		2AB8B8C022C7179300B1023A /* Debug */ = {
			isa = XCBuildConfiguration;
			buildSettings = {
				ALWAYS_EMBED_SWIFT_STANDARD_LIBRARIES = YES;
				CODE_SIGN_STYLE = Automatic;
				INFOPLIST_FILE = checkListAppUITests/Info.plist;
				LD_RUNPATH_SEARCH_PATHS = (
					"$(inherited)",
					"@executable_path/Frameworks",
					"@loader_path/Frameworks",
				);
				PRODUCT_BUNDLE_IDENTIFIER = nil.checkListAppUITests;
				PRODUCT_NAME = "$(TARGET_NAME)";
				SWIFT_VERSION = 5.0;
				TARGETED_DEVICE_FAMILY = "1,2";
				TEST_TARGET_NAME = checkListApp;
			};
			name = Debug;
		};
		2AB8B8C122C7179300B1023A /* Release */ = {
			isa = XCBuildConfiguration;
			buildSettings = {
				ALWAYS_EMBED_SWIFT_STANDARD_LIBRARIES = YES;
				CODE_SIGN_STYLE = Automatic;
				INFOPLIST_FILE = checkListAppUITests/Info.plist;
				LD_RUNPATH_SEARCH_PATHS = (
					"$(inherited)",
					"@executable_path/Frameworks",
					"@loader_path/Frameworks",
				);
				PRODUCT_BUNDLE_IDENTIFIER = nil.checkListAppUITests;
				PRODUCT_NAME = "$(TARGET_NAME)";
				SWIFT_VERSION = 5.0;
				TARGETED_DEVICE_FAMILY = "1,2";
				TEST_TARGET_NAME = checkListApp;
			};
			name = Release;
		};
/* End XCBuildConfiguration section */

/* Begin XCConfigurationList section */
		2AB8B88C22C7178D00B1023A /* Build configuration list for PBXProject "checkListApp" */ = {
			isa = XCConfigurationList;
			buildConfigurations = (
				2AB8B8B722C7179300B1023A /* Debug */,
				2AB8B8B822C7179300B1023A /* Release */,
			);
			defaultConfigurationIsVisible = 0;
			defaultConfigurationName = Release;
		};
		2AB8B8B922C7179300B1023A /* Build configuration list for PBXNativeTarget "checkListApp" */ = {
			isa = XCConfigurationList;
			buildConfigurations = (
				2AB8B8BA22C7179300B1023A /* Debug */,
				2AB8B8BB22C7179300B1023A /* Release */,
			);
			defaultConfigurationIsVisible = 0;
			defaultConfigurationName = Release;
		};
		2AB8B8BC22C7179300B1023A /* Build configuration list for PBXNativeTarget "checkListAppTests" */ = {
			isa = XCConfigurationList;
			buildConfigurations = (
				2AB8B8BD22C7179300B1023A /* Debug */,
				2AB8B8BE22C7179300B1023A /* Release */,
			);
			defaultConfigurationIsVisible = 0;
			defaultConfigurationName = Release;
		};
		2AB8B8BF22C7179300B1023A /* Build configuration list for PBXNativeTarget "checkListAppUITests" */ = {
			isa = XCConfigurationList;
			buildConfigurations = (
				2AB8B8C022C7179300B1023A /* Debug */,
				2AB8B8C122C7179300B1023A /* Release */,
			);
			defaultConfigurationIsVisible = 0;
			defaultConfigurationName = Release;
		};
/* End XCConfigurationList section */
	};
	rootObject = 2AB8B88922C7178D00B1023A /* Project object */;
}
